<?xml version="1.0" encoding="utf-8"?>
<Project ToolsVersion="4.0" xmlns="http://schemas.microsoft.com/developer/msbuild/2003">
  <ItemGroup>
    <Filter Include="源文件">
      <UniqueIdentifier>{4FC737F1-C7A5-4376-A066-2A32D752A2FF}</UniqueIdentifier>
      <Extensions>cpp;c;cc;cxx;def;odl;idl;hpj;bat;asm;asmx</Extensions>
    </Filter>
    <Filter Include="头文件">
      <UniqueIdentifier>{93995380-89BD-4b04-88EB-625FBE52EBFB}</UniqueIdentifier>
      <Extensions>h;hh;hpp;hxx;hm;inl;inc;xsd</Extensions>
    </Filter>
    <Filter Include="资源文件">
      <UniqueIdentifier>{67DA6AB6-F800-4c08-8B7A-83BB121AAD01}</UniqueIdentifier>
      <Extensions>rc;ico;cur;bmp;dlg;rc2;rct;bin;rgs;gif;jpg;jpeg;jpe;resx;tiff;tif;png;wav;mfcribbon-ms</Extensions>
    </Filter>
    <Filter Include="源文件\thread">
      <UniqueIdentifier>{2710034c-ff56-4567-aaf4-0ef4e06f86dd}</UniqueIdentifier>
    </Filter>
    <Filter Include="源文件\ui">
      <UniqueIdentifier>{f52a99a7-00d0-417e-a9b8-97f6f9c64d78}</UniqueIdentifier>
    </Filter>
    <Filter Include="源文件\module">
      <UniqueIdentifier>{d045ab5a-5950-4fa5-9e9c-5d9f0cede968}</UniqueIdentifier>
    </Filter>
    <Filter Include="源文件\module\api">
      <UniqueIdentifier>{887e5b1f-a463-409a-8d0b-e8007aff08b5}</UniqueIdentifier>
    </Filter>
    <Filter Include="源文件\module\user">
      <UniqueIdentifier>{3eb05651-2a51-4328-977d-84d304c9a9b0}</UniqueIdentifier>
    </Filter>
    <Filter Include="源文件\ui\login">
      <UniqueIdentifier>{f8b848ce-b540-4cd0-80f2-d1cce9de1756}</UniqueIdentifier>
    </Filter>
    <Filter Include="源文件\ui\common">
      <UniqueIdentifier>{e81244f0-e17f-4ad2-9bae-4904b7d108ec}</UniqueIdentifier>
    </Filter>
    <Filter Include="源文件\ui\course">
      <UniqueIdentifier>{4b6b7617-5eb1-4e2f-8b4f-bcce5103c348}</UniqueIdentifier>
    </Filter>
    <Filter Include="源文件\module\course">
      <UniqueIdentifier>{b7255610-0d76-448d-ab0e-5e2d6325d05b}</UniqueIdentifier>
    </Filter>
  </ItemGroup>
  <ItemGroup>
    <Text Include="ReadMe.txt" />
  </ItemGroup>
  <ItemGroup>
    <ClInclude Include="stdafx.h">
      <Filter>头文件</Filter>
    </ClInclude>
    <ClInclude Include="targetver.h">
      <Filter>头文件</Filter>
    </ClInclude>
    <ClInclude Include="Resource.h">
      <Filter>头文件</Filter>
    </ClInclude>
    <ClInclude Include="main_thread.h">
      <Filter>头文件</Filter>
    </ClInclude>
    <ClInclude Include="main_form.h">
      <Filter>头文件</Filter>
    </ClInclude>
    <ClInclude Include="thread\curl_thread.h">
      <Filter>源文件\thread</Filter>
    </ClInclude>
    <ClInclude Include="thread\misc_thread.h">
      <Filter>源文件\thread</Filter>
    </ClInclude>
    <ClInclude Include="module\api\net_api.h">
      <Filter>源文件\module\api</Filter>
    </ClInclude>
    <ClInclude Include="module\user\course.h">
      <Filter>源文件\module\user</Filter>
    </ClInclude>
    <ClInclude Include="module\user\directory.h">
      <Filter>源文件\module\user</Filter>
    </ClInclude>
    <ClInclude Include="module\user\teacher.h">
      <Filter>源文件\module\user</Filter>
    </ClInclude>
    <ClInclude Include="ui\login\login_form.h">
      <Filter>源文件\ui\login</Filter>
    </ClInclude>
    <ClInclude Include="ui\common\directory_tree_view.h">
      <Filter>源文件\ui\common</Filter>
    </ClInclude>
    <ClInclude Include="ui\common\cef_box.h">
      <Filter>源文件\ui\common</Filter>
    </ClInclude>
    <ClInclude Include="ui\common\cef_page.h">
      <Filter>源文件\ui\common</Filter>
    </ClInclude>
    <ClInclude Include="ui\common\cef_shared_page.h">
      <Filter>源文件\ui\common</Filter>
    </ClInclude>
    <ClInclude Include="ui\common\ui_page.h">
      <Filter>源文件\ui\common</Filter>
    </ClInclude>
    <ClInclude Include="ui\common\dynamic_box.h">
      <Filter>源文件\ui\common</Filter>
    </ClInclude>
    <ClInclude Include="ui\course\course_box.h">
      <Filter>源文件\ui\course</Filter>
    </ClInclude>
    <ClInclude Include="ui\course\course_navigation_box.h">
      <Filter>源文件\ui\course</Filter>
    </ClInclude>
    <ClInclude Include="ui\course\directory_box.h">
      <Filter>源文件\ui\course</Filter>
    </ClInclude>
    <ClInclude Include="ui\course\knowledge_list_item_box.h">
      <Filter>源文件\ui\course</Filter>
    </ClInclude>
    <ClInclude Include="ui\course\knowledge_point_page.h">
      <Filter>源文件\ui\course</Filter>
    </ClInclude>
    <ClInclude Include="ui\course\knowledge_point_tile_item_box.h">
      <Filter>源文件\ui\course</Filter>
    </ClInclude>
    <ClInclude Include="ui\course\supporting_exercises_page.h">
      <Filter>源文件\ui\course</Filter>
    </ClInclude>
    <ClInclude Include="ui\main_form.h">
      <Filter>源文件\ui</Filter>
    </ClInclude>
    <ClInclude Include="module\course\course_api_caller.h">
      <Filter>源文件\module\course</Filter>
    </ClInclude>
    <ClInclude Include="ui\course\knowledge_point_node_page.h">
      <Filter>源文件\ui\course</Filter>
    </ClInclude>
    <ClInclude Include="demon.h">
      <Filter>头文件</Filter>
    </ClInclude>
  </ItemGroup>
  <ItemGroup>
    <ClCompile Include="stdafx.cpp">
      <Filter>源文件</Filter>
    </ClCompile>
    <ClCompile Include="thread\curl_thread.cpp">
      <Filter>源文件\thread</Filter>
    </ClCompile>
    <ClCompile Include="thread\misc_thread.cpp">
      <Filter>源文件\thread</Filter>
    </ClCompile>
    <ClCompile Include="module\api\net_api.cpp">
      <Filter>源文件\module\api</Filter>
    </ClCompile>
    <ClCompile Include="module\api\net_api_test.cpp">
      <Filter>源文件\module\api</Filter>
    </ClCompile>
    <ClCompile Include="module\user\directory.cpp">
      <Filter>源文件\module\user</Filter>
    </ClCompile>
    <ClCompile Include="module\user\teacher.cpp">
      <Filter>源文件\module\user</Filter>
    </ClCompile>
    <ClCompile Include="ui\login\login_form.cpp">
      <Filter>源文件\ui\login</Filter>
    </ClCompile>
    <ClCompile Include="ui\common\directory_tree_view.cpp">
      <Filter>源文件\ui\common</Filter>
    </ClCompile>
    <ClCompile Include="ui\common\cef_box.cpp">
      <Filter>源文件\ui\common</Filter>
    </ClCompile>
    <ClCompile Include="ui\common\cef_page.cpp">
      <Filter>源文件\ui\common</Filter>
    </ClCompile>
    <ClCompile Include="ui\common\cef_shared_page.cpp">
      <Filter>源文件\ui\common</Filter>
    </ClCompile>
    <ClCompile Include="ui\common\ui_page.cpp">
      <Filter>源文件\ui\common</Filter>
    </ClCompile>
    <ClCompile Include="ui\common\dynamic_box.cpp">
      <Filter>源文件\ui\common</Filter>
    </ClCompile>
    <ClCompile Include="ui\course\course_box.cpp">
      <Filter>源文件\ui\course</Filter>
    </ClCompile>
    <ClCompile Include="ui\course\course_navigation_box.cpp">
      <Filter>源文件\ui\course</Filter>
    </ClCompile>
    <ClCompile Include="ui\course\directory_box.cpp">
      <Filter>源文件\ui\course</Filter>
    </ClCompile>
    <ClCompile Include="ui\course\knowledge_list_item_box.cpp">
      <Filter>源文件\ui\course</Filter>
    </ClCompile>
    <ClCompile Include="ui\course\knowledge_point_page.cpp">
      <Filter>源文件\ui\course</Filter>
    </ClCompile>
    <ClCompile Include="ui\course\knowledge_point_tile_item_box.cpp">
      <Filter>源文件\ui\course</Filter>
    </ClCompile>
    <ClCompile Include="ui\course\supporting_exercises_page.cpp">
      <Filter>源文件\ui\course</Filter>
    </ClCompile>
    <ClCompile Include="ui\main_form.cpp">
      <Filter>源文件\ui</Filter>
    </ClCompile>
    <ClCompile Include="module\course\course_api_caller.cpp">
      <Filter>源文件\module\course</Filter>
    </ClCompile>
    <ClCompile Include="ui\course\knowledge_point_node_page.cpp">
      <Filter>源文件\ui\course</Filter>
    </ClCompile>
    <ClCompile Include="demon.cpp">
      <Filter>源文件</Filter>
    </ClCompile>
  </ItemGroup>
  <ItemGroup>
    <Image Include="small.ico">
      <Filter>资源文件</Filter>
    </Image>
    <Image Include="demon.ico">
      <Filter>资源文件</Filter>
    </Image>
  </ItemGroup>
  <ItemGroup>
    <ResourceCompile Include="demon.rc">
      <Filter>资源文件</Filter>
    </ResourceCompile>
  </ItemGroup>
</Project>