
Microsoft Visual Studio Solution File, Format Version 12.00
# Visual Studio 14
VisualStudioVersion = 14.0.25420.1
MinimumVisualStudioVersion = 10.0.40219.1
Project("{8BC9CEB8-8B4A-11D0-8D11-00A0C91BC942}") = "base", "..\toolkits\base\base.vcxproj", "{8D9A6595-717A-41C8-B468-0011A72BE3D1}"
EndProject
Project("{8BC9CEB8-8B4A-11D0-8D11-00A0C91BC942}") = "duilib", "..\toolkits\duilib\DuiLib.vcxproj", "{E106ACD7-4E53-4AEE-942B-D0DD426DB34E}"
	ProjectSection(ProjectDependencies) = postProject
		{8D9A6595-717A-41C8-B468-0011A72BE3D1} = {8D9A6595-717A-41C8-B468-0011A72BE3D1}
	EndProjectSection
EndProject
Project("{8BC9CEB8-8B4A-11D0-8D11-00A0C91BC942}") = "net", "..\toolkits\net\net.vcxproj", "{22E78D26-416B-4387-B542-A4141C82C106}"
	ProjectSection(ProjectDependencies) = postProject
		{9951345F-620B-4BED-BB51-4F928CAFD454} = {9951345F-620B-4BED-BB51-4F928CAFD454}
		{8D9A6595-717A-41C8-B468-0011A72BE3D1} = {8D9A6595-717A-41C8-B468-0011A72BE3D1}
	EndProjectSection
EndProject
Project("{8BC9CEB8-8B4A-11D0-8D11-00A0C91BC942}") = "shared", "..\toolkits\shared\shared.vcxproj", "{9951345F-620B-4BED-BB51-4F928CAFD454}"
EndProject
Project("{8BC9CEB8-8B4A-11D0-8D11-00A0C91BC942}") = "demon", "msyk.vcxproj", "{FB52EDFE-561F-4018-A8E8-7E45BBC7D058}"
	ProjectSection(ProjectDependencies) = postProject
		{22E78D26-416B-4387-B542-A4141C82C106} = {22E78D26-416B-4387-B542-A4141C82C106}
		{9951345F-620B-4BED-BB51-4F928CAFD454} = {9951345F-620B-4BED-BB51-4F928CAFD454}
		{8D9A6595-717A-41C8-B468-0011A72BE3D1} = {8D9A6595-717A-41C8-B468-0011A72BE3D1}
		{E106ACD7-4E53-4AEE-942B-D0DD426DB34E} = {E106ACD7-4E53-4AEE-942B-D0DD426DB34E}
	EndProjectSection
EndProject
Global
	GlobalSection(SolutionConfigurationPlatforms) = preSolution
		Debug|x64 = Debug|x64
		Debug|x86 = Debug|x86
		Release|x64 = Release|x64
		Release|x86 = Release|x86
	EndGlobalSection
	GlobalSection(ProjectConfigurationPlatforms) = postSolution
		{8D9A6595-717A-41C8-B468-0011A72BE3D1}.Debug|x64.ActiveCfg = Debug|x64
		{8D9A6595-717A-41C8-B468-0011A72BE3D1}.Debug|x64.Build.0 = Debug|x64
		{8D9A6595-717A-41C8-B468-0011A72BE3D1}.Debug|x86.ActiveCfg = Debug|Win32
		{8D9A6595-717A-41C8-B468-0011A72BE3D1}.Debug|x86.Build.0 = Debug|Win32
		{8D9A6595-717A-41C8-B468-0011A72BE3D1}.Release|x64.ActiveCfg = Release|x64
		{8D9A6595-717A-41C8-B468-0011A72BE3D1}.Release|x64.Build.0 = Release|x64
		{8D9A6595-717A-41C8-B468-0011A72BE3D1}.Release|x86.ActiveCfg = Release|Win32
		{8D9A6595-717A-41C8-B468-0011A72BE3D1}.Release|x86.Build.0 = Release|Win32
		{E106ACD7-4E53-4AEE-942B-D0DD426DB34E}.Debug|x64.ActiveCfg = Debug|x64
		{E106ACD7-4E53-4AEE-942B-D0DD426DB34E}.Debug|x64.Build.0 = Debug|x64
		{E106ACD7-4E53-4AEE-942B-D0DD426DB34E}.Debug|x86.ActiveCfg = Debug|Win32
		{E106ACD7-4E53-4AEE-942B-D0DD426DB34E}.Debug|x86.Build.0 = Debug|Win32
		{E106ACD7-4E53-4AEE-942B-D0DD426DB34E}.Release|x64.ActiveCfg = Release|x64
		{E106ACD7-4E53-4AEE-942B-D0DD426DB34E}.Release|x64.Build.0 = Release|x64
		{E106ACD7-4E53-4AEE-942B-D0DD426DB34E}.Release|x86.ActiveCfg = Release|Win32
		{E106ACD7-4E53-4AEE-942B-D0DD426DB34E}.Release|x86.Build.0 = Release|Win32
		{22E78D26-416B-4387-B542-A4141C82C106}.Debug|x64.ActiveCfg = Debug|x64
		{22E78D26-416B-4387-B542-A4141C82C106}.Debug|x64.Build.0 = Debug|x64
		{22E78D26-416B-4387-B542-A4141C82C106}.Debug|x86.ActiveCfg = Debug|Win32
		{22E78D26-416B-4387-B542-A4141C82C106}.Debug|x86.Build.0 = Debug|Win32
		{22E78D26-416B-4387-B542-A4141C82C106}.Release|x64.ActiveCfg = Release|x64
		{22E78D26-416B-4387-B542-A4141C82C106}.Release|x64.Build.0 = Release|x64
		{22E78D26-416B-4387-B542-A4141C82C106}.Release|x86.ActiveCfg = Release|Win32
		{22E78D26-416B-4387-B542-A4141C82C106}.Release|x86.Build.0 = Release|Win32
		{9951345F-620B-4BED-BB51-4F928CAFD454}.Debug|x64.ActiveCfg = Debug|x64
		{9951345F-620B-4BED-BB51-4F928CAFD454}.Debug|x64.Build.0 = Debug|x64
		{9951345F-620B-4BED-BB51-4F928CAFD454}.Debug|x86.ActiveCfg = Debug|Win32
		{9951345F-620B-4BED-BB51-4F928CAFD454}.Debug|x86.Build.0 = Debug|Win32
		{9951345F-620B-4BED-BB51-4F928CAFD454}.Debug|x86.Deploy.0 = Debug|Win32
		{9951345F-620B-4BED-BB51-4F928CAFD454}.Release|x64.ActiveCfg = Release|x64
		{9951345F-620B-4BED-BB51-4F928CAFD454}.Release|x64.Build.0 = Release|x64
		{9951345F-620B-4BED-BB51-4F928CAFD454}.Release|x86.ActiveCfg = Release|Win32
		{9951345F-620B-4BED-BB51-4F928CAFD454}.Release|x86.Build.0 = Release|Win32
		{9951345F-620B-4BED-BB51-4F928CAFD454}.Release|x86.Deploy.0 = Release|Win32
		{FB52EDFE-561F-4018-A8E8-7E45BBC7D058}.Debug|x64.ActiveCfg = Debug|x64
		{FB52EDFE-561F-4018-A8E8-7E45BBC7D058}.Debug|x64.Build.0 = Debug|x64
		{FB52EDFE-561F-4018-A8E8-7E45BBC7D058}.Debug|x86.ActiveCfg = Debug|Win32
		{FB52EDFE-561F-4018-A8E8-7E45BBC7D058}.Debug|x86.Build.0 = Debug|Win32
		{FB52EDFE-561F-4018-A8E8-7E45BBC7D058}.Release|x64.ActiveCfg = Release|x64
		{FB52EDFE-561F-4018-A8E8-7E45BBC7D058}.Release|x64.Build.0 = Release|x64
		{FB52EDFE-561F-4018-A8E8-7E45BBC7D058}.Release|x86.ActiveCfg = Release|Win32
		{FB52EDFE-561F-4018-A8E8-7E45BBC7D058}.Release|x86.Build.0 = Release|Win32
	EndGlobalSection
	GlobalSection(SolutionProperties) = preSolution
		HideSolutionNode = FALSE
	EndGlobalSection
EndGlobal
